{
  "pins" : [
    {
      "identity" : "data-flow",
      "kind" : "remoteSourceControl",
      "location" : "https://github.com/miejoy/data-flow.git",
      "state" : {
        "branch" : "main",
        "revision" : "cdfa64d67d9794657e43dfa19281f638059b0e93"
      }
    },
    {
      "identity" : "view-flow",
      "kind" : "remoteSourceControl",
      "location" : "https://github.com/miejoy/view-flow.git",
      "state" : {
        "branch" : "main",
        "revision" : "834a033dad7da5bb80d8a399d27bf613e85d3ebd"
      }
    }
  ],
  "version" : 2
}
